
Microsoft Visual Studio Solution File, Format Version 12.00
# Visual Studio Version 17
VisualStudioVersion = 17.11.35312.102
MinimumVisualStudioVersion = 10.0.40219.1
Project("{9A19103F-16F7-4668-BE54-9A1E7A4F7556}") = "OOP_De_tai_7", "OOP_De_tai_7.csproj", "{A853385D-6EE0-4E52-B93D-A79374663E48}"
EndProject
Global
	GlobalSection(SolutionConfigurationPlatforms) = preSolution
		Debug|Any CPU = Debug|Any CPU
		Release|Any CPU = Release|Any CPU
	EndGlobalSection
	GlobalSection(ProjectConfigurationPlatforms) = postSolution
		{A853385D-6EE0-4E52-B93D-A79374663E48}.Debug|Any CPU.ActiveCfg = Debug|Any CPU
		{A853385D-6EE0-4E52-B93D-A79374663E48}.Debug|Any CPU.Build.0 = Debug|Any CPU
		{A853385D-6EE0-4E52-B93D-A79374663E48}.Release|Any CPU.ActiveCfg = Release|Any CPU
		{A853385D-6EE0-4E52-B93D-A79374663E48}.Release|Any CPU.Build.0 = Release|Any CPU
	EndGlobalSection
	GlobalSection(SolutionProperties) = preSolution
		HideSolutionNode = FALSE
	EndGlobalSection
	GlobalSection(ExtensibilityGlobals) = postSolution
		SolutionGuid = {16DE623E-C632-4AC1-90C7-36292057B95C}
	EndGlobalSection
EndGlobal
